{
  "name": "react-portfolio",
  "lockfileVersion": 3,
  "requires": true,
  "packages": {
    "": {
      "devDependencies": {
        "@netlify/plugin-nextjs": "^5.10.0"
      }
    },
    "node_modules/@netlify/plugin-nextjs": {
      "version": "5.10.0",
      "resolved": "https://registry.npmjs.org/@netlify/plugin-nextjs/-/plugin-nextjs-5.10.0.tgz",
      "integrity": "sha512-h2ugfCAQRhp6NIYABW+20AvVkrM/ReuELBfgkH+5DALfrKrsQXYeS1YPZi9y4bCfNFj8Zxdhu4DtuVFDiUONiA==",
      "dev": true,
      "engines": {
        "node": ">=18.0.0"
      }
    }
  }
}
